lockfileVersion: '6.0'

settings:
  autoInstallPeers: true
  excludeLinksFromLockfile: false

dependencies:
  '@js-temporal/polyfill':
    specifier: ^0.4.4
    version: 0.4.4
  simple-statistics:
    specifier: ^7.8.3
    version: 7.8.3
  zod:
    specifier: ^3.22.4
    version: 3.22.4

devDependencies:
  '@tsconfig/node20':
    specifier: ^20.1.2
    version: 20.1.2
  '@types/node':
    specifier: ^20.8.7
    version: 20.8.7
  typescript:
    specifier: ^5.2.2
    version: 5.2.2

packages:

  /@js-temporal/polyfill@0.4.4:
    resolution: {integrity: sha512-2X6bvghJ/JAoZO52lbgyAPFj8uCflhTo2g7nkFzEQdXd/D8rEeD4HtmTEpmtGCva260fcd66YNXBOYdnmHqSOg==}
    engines: {node: '>=12'}
    dependencies:
      jsbi: 4.3.0
      tslib: 2.6.2
    dev: false

  /@tsconfig/node20@20.1.2:
    resolution: {integrity: sha512-madaWq2k+LYMEhmcp0fs+OGaLFk0OenpHa4gmI4VEmCKX4PJntQ6fnnGADVFrVkBj0wIdAlQnK/MrlYTHsa1gQ==}
    dev: true

  /@types/node@20.8.7:
    resolution: {integrity: sha512-21TKHHh3eUHIi2MloeptJWALuCu5H7HQTdTrWIFReA8ad+aggoX+lRes3ex7/FtpC+sVUpFMQ+QTfYr74mruiQ==}
    dependencies:
      undici-types: 5.25.3
    dev: true

  /jsbi@4.3.0:
    resolution: {integrity: sha512-SnZNcinB4RIcnEyZqFPdGPVgrg2AcnykiBy0sHVJQKHYeaLUvi3Exj+iaPpLnFVkDPZIV4U0yvgC9/R4uEAZ9g==}
    dev: false

  /simple-statistics@7.8.3:
    resolution: {integrity: sha512-JFvMY00t6SBGtwMuJ+nqgsx9ylkMiJ5JlK9bkj8AdvniIe5615wWQYkKHXe84XtSuc40G/tlrPu0A5/NlJvv8A==}
    dev: false

  /tslib@2.6.2:
    resolution: {integrity: sha512-AEYxH93jGFPn/a2iVAwW87VuUIkR1FVUKB77NwMF7nBTDkDrrT/Hpt/IrCJ0QXhW27jTBDcf5ZY7w6RiqTMw2Q==}
    dev: false

  /typescript@5.2.2:
    resolution: {integrity: sha512-mI4WrpHsbCIcwT9cF4FZvr80QUeKvsUsUvKDoR+X/7XHQH98xYD8YHZg7ANtz2GtZt/CBq2QJ0thkGJMHfqc1w==}
    engines: {node: '>=14.17'}
    hasBin: true
    dev: true

  /undici-types@5.25.3:
    resolution: {integrity: sha512-Ga1jfYwRn7+cP9v8auvEXN1rX3sWqlayd4HP7OKk4mZWylEmu3KzXDUGrQUN6Ol7qo1gPvB2e5gX6udnyEPgdA==}
    dev: true

  /zod@3.22.4:
    resolution: {integrity: sha512-iC+8Io04lddc+mVqQ9AZ7OQ2MrUKGN+oIQyq1vemgt46jwCwLfhq7/pwnBnNXXXZb8VTVLKwp9EDkx+ryxIWmg==}
    dev: false
